// !$*UTF8*$!
{
	archiveVersion = 1;
	classes = {
	};
	objectVersion = 56;
	objects = {

/* Begin PBXBuildFile section */
		FEA6EC092B982CE500D35EA0 /* AppDelegate.swift in Sources */ = {isa = PBXBuildFile; fileRef = FEA6EC082B982CE500D35EA0 /* AppDelegate.swift */; };
		FEA6EC0B2B982CE500D35EA0 /* SceneDelegate.swift in Sources */ = {isa = PBXBuildFile; fileRef = FEA6EC0A2B982CE500D35EA0 /* SceneDelegate.swift */; };
		FEA6EC0D2B982CE500D35EA0 /* ViewController.swift in Sources */ = {isa = PBXBuildFile; fileRef = FEA6EC0C2B982CE500D35EA0 /* ViewController.swift */; };
		FEA6EC102B982CE500D35EA0 /* Main.storyboard in Resources */ = {isa = PBXBuildFile; fileRef = FEA6EC0E2B982CE500D35EA0 /* Main.storyboard */; };
		FEA6EC122B982CE700D35EA0 /* Assets.xcassets in Resources */ = {isa = PBXBuildFile; fileRef = FEA6EC112B982CE700D35EA0 /* Assets.xcassets */; };
		FEA6EC152B982CE700D35EA0 /* LaunchScreen.storyboard in Resources */ = {isa = PBXBuildFile; fileRef = FEA6EC132B982CE700D35EA0 /* LaunchScreen.storyboard */; };
		FEA6EC202B982CE700D35EA0 /* PracticeTableViewTests.swift in Sources */ = {isa = PBXBuildFile; fileRef = FEA6EC1F2B982CE700D35EA0 /* PracticeTableViewTests.swift */; };
		FEA6EC2A2B982CE700D35EA0 /* PracticeTableViewUITests.swift in Sources */ = {isa = PBXBuildFile; fileRef = FEA6EC292B982CE700D35EA0 /* PracticeTableViewUITests.swift */; };
		FEA6EC2C2B982CE700D35EA0 /* PracticeTableViewUITestsLaunchTests.swift in Sources */ = {isa = PBXBuildFile; fileRef = FEA6EC2B2B982CE700D35EA0 /* PracticeTableViewUITestsLaunchTests.swift */; };
		FEA6EC392B982F5400D35EA0 /* AnimalImageCell.swift in Sources */ = {isa = PBXBuildFile; fileRef = FEA6EC382B982F5400D35EA0 /* AnimalImageCell.swift */; };
		FEA6EC3B2B983E6B00D35EA0 /* Animal.swift in Sources */ = {isa = PBXBuildFile; fileRef = FEA6EC3A2B983E6B00D35EA0 /* Animal.swift */; };
/* End PBXBuildFile section */

/* Begin PBXContainerItemProxy section */
		FEA6EC1C2B982CE700D35EA0 /* PBXContainerItemProxy */ = {
			isa = PBXContainerItemProxy;
			containerPortal = FEA6EBFD2B982CE500D35EA0 /* Project object */;
			proxyType = 1;
			remoteGlobalIDString = FEA6EC042B982CE500D35EA0;
			remoteInfo = PracticeTableView;
		};
		FEA6EC262B982CE700D35EA0 /* PBXContainerItemProxy */ = {
			isa = PBXContainerItemProxy;
			containerPortal = FEA6EBFD2B982CE500D35EA0 /* Project object */;
			proxyType = 1;
			remoteGlobalIDString = FEA6EC042B982CE500D35EA0;
			remoteInfo = PracticeTableView;
		};
/* End PBXContainerItemProxy section */

/* Begin PBXFileReference section */
		FEA6EC052B982CE500D35EA0 /* PracticeTableView.app */ = {isa = PBXFileReference; explicitFileType = wrapper.application; includeInIndex = 0; path = PracticeTableView.app; sourceTree = BUILT_PRODUCTS_DIR; };
		FEA6EC082B982CE500D35EA0 /* AppDelegate.swift */ = {isa = PBXFileReference; lastKnownFileType = sourcecode.swift; path = AppDelegate.swift; sourceTree = "<group>"; };
		FEA6EC0A2B982CE500D35EA0 /* SceneDelegate.swift */ = {isa = PBXFileReference; lastKnownFileType = sourcecode.swift; path = SceneDelegate.swift; sourceTree = "<group>"; };
		FEA6EC0C2B982CE500D35EA0 /* ViewController.swift */ = {isa = PBXFileReference; lastKnownFileType = sourcecode.swift; path = ViewController.swift; sourceTree = "<group>"; };
		FEA6EC0F2B982CE500D35EA0 /* Base */ = {isa = PBXFileReference; lastKnownFileType = file.storyboard; name = Base; path = Base.lproj/Main.storyboard; sourceTree = "<group>"; };
		FEA6EC112B982CE700D35EA0 /* Assets.xcassets */ = {isa = PBXFileReference; lastKnownFileType = folder.assetcatalog; path = Assets.xcassets; sourceTree = "<group>"; };
		FEA6EC142B982CE700D35EA0 /* Base */ = {isa = PBXFileReference; lastKnownFileType = file.storyboard; name = Base; path = Base.lproj/LaunchScreen.storyboard; sourceTree = "<group>"; };
		FEA6EC162B982CE700D35EA0 /* Info.plist */ = {isa = PBXFileReference; lastKnownFileType = text.plist.xml; path = Info.plist; sourceTree = "<group>"; };
		FEA6EC1B2B982CE700D35EA0 /* PracticeTableViewTests.xctest */ = {isa = PBXFileReference; explicitFileType = wrapper.cfbundle; includeInIndex = 0; path = PracticeTableViewTests.xctest; sourceTree = BUILT_PRODUCTS_DIR; };
		FEA6EC1F2B982CE700D35EA0 /* PracticeTableViewTests.swift */ = {isa = PBXFileReference; lastKnownFileType = sourcecode.swift; path = PracticeTableViewTests.swift; sourceTree = "<group>"; };
		FEA6EC252B982CE700D35EA0 /* PracticeTableViewUITests.xctest */ = {isa = PBXFileReference; explicitFileType = wrapper.cfbundle; includeInIndex = 0; path = PracticeTableViewUITests.xctest; sourceTree = BUILT_PRODUCTS_DIR; };
		FEA6EC292B982CE700D35EA0 /* PracticeTableViewUITests.swift */ = {isa = PBXFileReference; lastKnownFileType = sourcecode.swift; path = PracticeTableViewUITests.swift; sourceTree = "<group>"; };
		FEA6EC2B2B982CE700D35EA0 /* PracticeTableViewUITestsLaunchTests.swift */ = {isa = PBXFileReference; lastKnownFileType = sourcecode.swift; path = PracticeTableViewUITestsLaunchTests.swift; sourceTree = "<group>"; };
		FEA6EC382B982F5400D35EA0 /* AnimalImageCell.swift */ = {isa = PBXFileReference; lastKnownFileType = sourcecode.swift; path = AnimalImageCell.swift; sourceTree = "<group>"; };
		FEA6EC3A2B983E6B00D35EA0 /* Animal.swift */ = {isa = PBXFileReference; lastKnownFileType = sourcecode.swift; path = Animal.swift; sourceTree = "<group>"; };
/* End PBXFileReference section */

/* Begin PBXFrameworksBuildPhase section */
		FEA6EC022B982CE500D35EA0 /* Frameworks */ = {
			isa = PBXFrameworksBuildPhase;
			buildActionMask = 2147483647;
			files = (
			);
			runOnlyForDeploymentPostprocessing = 0;
		};
		FEA6EC182B982CE700D35EA0 /* Frameworks */ = {
			isa = PBXFrameworksBuildPhase;
			buildActionMask = 2147483647;
			files = (
			);
			runOnlyForDeploymentPostprocessing = 0;
		};
		FEA6EC222B982CE700D35EA0 /* Frameworks */ = {
			isa = PBXFrameworksBuildPhase;
			buildActionMask = 2147483647;
			files = (
			);
			runOnlyForDeploymentPostprocessing = 0;
		};
/* End PBXFrameworksBuildPhase section */

/* Begin PBXGroup section */
		FEA6EBFC2B982CE500D35EA0 = {
			isa = PBXGroup;
			children = (
				FEA6EC072B982CE500D35EA0 /* PracticeTableView */,
				FEA6EC1E2B982CE700D35EA0 /* PracticeTableViewTests */,
				FEA6EC282B982CE700D35EA0 /* PracticeTableViewUITests */,
				FEA6EC062B982CE500D35EA0 /* Products */,
			);
			sourceTree = "<group>";
		};
		FEA6EC062B982CE500D35EA0 /* Products */ = {
			isa = PBXGroup;
			children = (
				FEA6EC052B982CE500D35EA0 /* PracticeTableView.app */,
				FEA6EC1B2B982CE700D35EA0 /* PracticeTableViewTests.xctest */,
				FEA6EC252B982CE700D35EA0 /* PracticeTableViewUITests.xctest */,
			);
			name = Products;
			sourceTree = "<group>";
		};
		FEA6EC072B982CE500D35EA0 /* PracticeTableView */ = {
			isa = PBXGroup;
			children = (
				FEA6EC082B982CE500D35EA0 /* AppDelegate.swift */,
				FEA6EC0A2B982CE500D35EA0 /* SceneDelegate.swift */,
				FEA6EC3A2B983E6B00D35EA0 /* Animal.swift */,
				FEA6EC382B982F5400D35EA0 /* AnimalImageCell.swift */,
				FEA6EC0C2B982CE500D35EA0 /* ViewController.swift */,
				FEA6EC0E2B982CE500D35EA0 /* Main.storyboard */,
				FEA6EC112B982CE700D35EA0 /* Assets.xcassets */,
				FEA6EC132B982CE700D35EA0 /* LaunchScreen.storyboard */,
				FEA6EC162B982CE700D35EA0 /* Info.plist */,
			);
			path = PracticeTableView;
			sourceTree = "<group>";
		};
		FEA6EC1E2B982CE700D35EA0 /* PracticeTableViewTests */ = {
			isa = PBXGroup;
			children = (
				FEA6EC1F2B982CE700D35EA0 /* PracticeTableViewTests.swift */,
			);
			path = PracticeTableViewTests;
			sourceTree = "<group>";
		};
		FEA6EC282B982CE700D35EA0 /* PracticeTableViewUITests */ = {
			isa = PBXGroup;
			children = (
				FEA6EC292B982CE700D35EA0 /* PracticeTableViewUITests.swift */,
				FEA6EC2B2B982CE700D35EA0 /* PracticeTableViewUITestsLaunchTests.swift */,
			);
			path = PracticeTableViewUITests;
			sourceTree = "<group>";
		};
/* End PBXGroup section */

/* Begin PBXNativeTarget section */
		FEA6EC042B982CE500D35EA0 /* PracticeTableView */ = {
			isa = PBXNativeTarget;
			buildConfigurationList = FEA6EC2F2B982CE700D35EA0 /* Build configuration list for PBXNativeTarget "PracticeTableView" */;
			buildPhases = (
				FEA6EC012B982CE500D35EA0 /* Sources */,
				FEA6EC022B982CE500D35EA0 /* Frameworks */,
				FEA6EC032B982CE500D35EA0 /* Resources */,
			);
			buildRules = (
			);
			dependencies = (
			);
			name = PracticeTableView;
			productName = PracticeTableView;
			productReference = FEA6EC052B982CE500D35EA0 /* PracticeTableView.app */;
			productType = "com.apple.product-type.application";
		};
		FEA6EC1A2B982CE700D35EA0 /* PracticeTableViewTests */ = {
			isa = PBXNativeTarget;
			buildConfigurationList = FEA6EC322B982CE700D35EA0 /* Build configuration list for PBXNativeTarget "PracticeTableViewTests" */;
			buildPhases = (
				FEA6EC172B982CE700D35EA0 /* Sources */,
				FEA6EC182B982CE700D35EA0 /* Frameworks */,
				FEA6EC192B982CE700D35EA0 /* Resources */,
			);
			buildRules = (
			);
			dependencies = (
				FEA6EC1D2B982CE700D35EA0 /* PBXTargetDependency */,
			);
			name = PracticeTableViewTests;
			productName = PracticeTableViewTests;
			productReference = FEA6EC1B2B982CE700D35EA0 /* PracticeTableViewTests.xctest */;
			productType = "com.apple.product-type.bundle.unit-test";
		};
		FEA6EC242B982CE700D35EA0 /* PracticeTableViewUITests */ = {
			isa = PBXNativeTarget;
			buildConfigurationList = FEA6EC352B982CE700D35EA0 /* Build configuration list for PBXNativeTarget "PracticeTableViewUITests" */;
			buildPhases = (
				FEA6EC212B982CE700D35EA0 /* Sources */,
				FEA6EC222B982CE700D35EA0 /* Frameworks */,
				FEA6EC232B982CE700D35EA0 /* Resources */,
			);
			buildRules = (
			);
			dependencies = (
				FEA6EC272B982CE700D35EA0 /* PBXTargetDependency */,
			);
			name = PracticeTableViewUITests;
			productName = PracticeTableViewUITests;
			productReference = FEA6EC252B982CE700D35EA0 /* PracticeTableViewUITests.xctest */;
			productType = "com.apple.product-type.bundle.ui-testing";
		};
/* End PBXNativeTarget section */

/* Begin PBXProject section */
		FEA6EBFD2B982CE500D35EA0 /* Project object */ = {
			isa = PBXProject;
			attributes = {
				BuildIndependentTargetsInParallel = 1;
				LastSwiftUpdateCheck = 1520;
				LastUpgradeCheck = 1520;
				TargetAttributes = {
					FEA6EC042B982CE500D35EA0 = {
						CreatedOnToolsVersion = 15.2;
					};
					FEA6EC1A2B982CE700D35EA0 = {
						CreatedOnToolsVersion = 15.2;
						TestTargetID = FEA6EC042B982CE500D35EA0;
					};
					FEA6EC242B982CE700D35EA0 = {
						CreatedOnToolsVersion = 15.2;
						TestTargetID = FEA6EC042B982CE500D35EA0;
					};
				};
			};
			buildConfigurationList = FEA6EC002B982CE500D35EA0 /* Build configuration list for PBXProject "PracticeTableView" */;
			compatibilityVersion = "Xcode 14.0";
			developmentRegion = en;
			hasScannedForEncodings = 0;
			knownRegions = (
				en,
				Base,
			);
			mainGroup = FEA6EBFC2B982CE500D35EA0;
			productRefGroup = FEA6EC062B982CE500D35EA0 /* Products */;
			projectDirPath = "";
			projectRoot = "";
			targets = (
				FEA6EC042B982CE500D35EA0 /* PracticeTableView */,
				FEA6EC1A2B982CE700D35EA0 /* PracticeTableViewTests */,
				FEA6EC242B982CE700D35EA0 /* PracticeTableViewUITests */,
			);
		};
/* End PBXProject section */

/* Begin PBXResourcesBuildPhase section */
		FEA6EC032B982CE500D35EA0 /* Resources */ = {
			isa = PBXResourcesBuildPhase;
			buildActionMask = 2147483647;
			files = (
				FEA6EC152B982CE700D35EA0 /* LaunchScreen.storyboard in Resources */,
				FEA6EC122B982CE700D35EA0 /* Assets.xcassets in Resources */,
				FEA6EC102B982CE500D35EA0 /* Main.storyboard in Resources */,
			);
			runOnlyForDeploymentPostprocessing = 0;
		};
		FEA6EC192B982CE700D35EA0 /* Resources */ = {
			isa = PBXResourcesBuildPhase;
			buildActionMask = 2147483647;
			files = (
			);
			runOnlyForDeploymentPostprocessing = 0;
		};
		FEA6EC232B982CE700D35EA0 /* Resources */ = {
			isa = PBXResourcesBuildPhase;
			buildActionMask = 2147483647;
			files = (
			);
			runOnlyForDeploymentPostprocessing = 0;
		};
/* End PBXResourcesBuildPhase section */

/* Begin PBXSourcesBuildPhase section */
		FEA6EC012B982CE500D35EA0 /* Sources */ = {
			isa = PBXSourcesBuildPhase;
			buildActionMask = 2147483647;
			files = (
				FEA6EC0D2B982CE500D35EA0 /* ViewController.swift in Sources */,
				FEA6EC092B982CE500D35EA0 /* AppDelegate.swift in Sources */,
				FEA6EC392B982F5400D35EA0 /* AnimalImageCell.swift in Sources */,
				FEA6EC0B2B982CE500D35EA0 /* SceneDelegate.swift in Sources */,
				FEA6EC3B2B983E6B00D35EA0 /* Animal.swift in Sources */,
			);
			runOnlyForDeploymentPostprocessing = 0;
		};
		FEA6EC172B982CE700D35EA0 /* Sources */ = {
			isa = PBXSourcesBuildPhase;
			buildActionMask = 2147483647;
			files = (
				FEA6EC202B982CE700D35EA0 /* PracticeTableViewTests.swift in Sources */,
			);
			runOnlyForDeploymentPostprocessing = 0;
		};
		FEA6EC212B982CE700D35EA0 /* Sources */ = {
			isa = PBXSourcesBuildPhase;
			buildActionMask = 2147483647;
			files = (
				FEA6EC2A2B982CE700D35EA0 /* PracticeTableViewUITests.swift in Sources */,
				FEA6EC2C2B982CE700D35EA0 /* PracticeTableViewUITestsLaunchTests.swift in Sources */,
			);
			runOnlyForDeploymentPostprocessing = 0;
		};
/* End PBXSourcesBuildPhase section */

/* Begin PBXTargetDependency section */
		FEA6EC1D2B982CE700D35EA0 /* PBXTargetDependency */ = {
			isa = PBXTargetDependency;
			target = FEA6EC042B982CE500D35EA0 /* PracticeTableView */;
			targetProxy = FEA6EC1C2B982CE700D35EA0 /* PBXContainerItemProxy */;
		};
		FEA6EC272B982CE700D35EA0 /* PBXTargetDependency */ = {
			isa = PBXTargetDependency;
			target = FEA6EC042B982CE500D35EA0 /* PracticeTableView */;
			targetProxy = FEA6EC262B982CE700D35EA0 /* PBXContainerItemProxy */;
		};
/* End PBXTargetDependency section */

/* Begin PBXVariantGroup section */
		FEA6EC0E2B982CE500D35EA0 /* Main.storyboard */ = {
			isa = PBXVariantGroup;
			children = (
				FEA6EC0F2B982CE500D35EA0 /* Base */,
			);
			name = Main.storyboard;
			sourceTree = "<group>";
		};
		FEA6EC132B982CE700D35EA0 /* LaunchScreen.storyboard */ = {
			isa = PBXVariantGroup;
			children = (
				FEA6EC142B982CE700D35EA0 /* Base */,
			);
			name = LaunchScreen.storyboard;
			sourceTree = "<group>";
		};
/* End PBXVariantGroup section */

/* Begin XCBuildConfiguration section */
		FEA6EC2D2B982CE700D35EA0 /* Debug */ = {
			isa = XCBuildConfiguration;
			buildSettings = {
				ALWAYS_SEARCH_USER_PATHS = NO;
				ASSETCATALOG_COMPILER_GENERATE_SWIFT_ASSET_SYMBOL_EXTENSIONS = YES;
				CLANG_ANALYZER_NONNULL = YES;
				CLANG_ANALYZER_NUMBER_OBJECT_CONVERSION = YES_AGGRESSIVE;
				CLANG_CXX_LANGUAGE_STANDARD = "gnu++20";
				CLANG_ENABLE_MODULES = YES;
				CLANG_ENABLE_OBJC_ARC = YES;
				CLANG_ENABLE_OBJC_WEAK = YES;
				CLANG_WARN_BLOCK_CAPTURE_AUTORELEASING = YES;
				CLANG_WARN_BOOL_CONVERSION = YES;
				CLANG_WARN_COMMA = YES;
				CLANG_WARN_CONSTANT_CONVERSION = YES;
				CLANG_WARN_DEPRECATED_OBJC_IMPLEMENTATIONS = YES;
				CLANG_WARN_DIRECT_OBJC_ISA_USAGE = YES_ERROR;
				CLANG_WARN_DOCUMENTATION_COMMENTS = YES;
				CLANG_WARN_EMPTY_BODY = YES;
				CLANG_WARN_ENUM_CONVERSION = YES;
				CLANG_WARN_INFINITE_RECURSION = YES;
				CLANG_WARN_INT_CONVERSION = YES;
				CLANG_WARN_NON_LITERAL_NULL_CONVERSION = YES;
				CLANG_WARN_OBJC_IMPLICIT_RETAIN_SELF = YES;
				CLANG_WARN_OBJC_LITERAL_CONVERSION = YES;
				CLANG_WARN_OBJC_ROOT_CLASS = YES_ERROR;
				CLANG_WARN_QUOTED_INCLUDE_IN_FRAMEWORK_HEADER = YES;
				CLANG_WARN_RANGE_LOOP_ANALYSIS = YES;
				CLANG_WARN_STRICT_PROTOTYPES = YES;
				CLANG_WARN_SUSPICIOUS_MOVE = YES;
				CLANG_WARN_UNGUARDED_AVAILABILITY = YES_AGGRESSIVE;
				CLANG_WARN_UNREACHABLE_CODE = YES;
				CLANG_WARN__DUPLICATE_METHOD_MATCH = YES;
				COPY_PHASE_STRIP = NO;
				DEBUG_INFORMATION_FORMAT = dwarf;
				ENABLE_STRICT_OBJC_MSGSEND = YES;
				ENABLE_TESTABILITY = YES;
				ENABLE_USER_SCRIPT_SANDBOXING = YES;
				GCC_C_LANGUAGE_STANDARD = gnu17;
				GCC_DYNAMIC_NO_PIC = NO;
				GCC_NO_COMMON_BLOCKS = YES;
				GCC_OPTIMIZATION_LEVEL = 0;
				GCC_PREPROCESSOR_DEFINITIONS = (
					"DEBUG=1",
					"$(inherited)",
				);
				GCC_WARN_64_TO_32_BIT_CONVERSION = YES;
				GCC_WARN_ABOUT_RETURN_TYPE = YES_ERROR;
				GCC_WARN_UNDECLARED_SELECTOR = YES;
				GCC_WARN_UNINITIALIZED_AUTOS = YES_AGGRESSIVE;
				GCC_WARN_UNUSED_FUNCTION = YES;
				GCC_WARN_UNUSED_VARIABLE = YES;
				IPHONEOS_DEPLOYMENT_TARGET = 17.2;
				LOCALIZATION_PREFERS_STRING_CATALOGS = YES;
				MTL_ENABLE_DEBUG_INFO = INCLUDE_SOURCE;
				MTL_FAST_MATH = YES;
				ONLY_ACTIVE_ARCH = YES;
				SDKROOT = iphoneos;
				SWIFT_ACTIVE_COMPILATION_CONDITIONS = "DEBUG $(inherited)";
				SWIFT_OPTIMIZATION_LEVEL = "-Onone";
			};
			name = Debug;
		};
		FEA6EC2E2B982CE700D35EA0 /* Release */ = {
			isa = XCBuildConfiguration;
			buildSettings = {
				ALWAYS_SEARCH_USER_PATHS = NO;
				ASSETCATALOG_COMPILER_GENERATE_SWIFT_ASSET_SYMBOL_EXTENSIONS = YES;
				CLANG_ANALYZER_NONNULL = YES;
				CLANG_ANALYZER_NUMBER_OBJECT_CONVERSION = YES_AGGRESSIVE;
				CLANG_CXX_LANGUAGE_STANDARD = "gnu++20";
				CLANG_ENABLE_MODULES = YES;
				CLANG_ENABLE_OBJC_ARC = YES;
				CLANG_ENABLE_OBJC_WEAK = YES;
				CLANG_WARN_BLOCK_CAPTURE_AUTORELEASING = YES;
				CLANG_WARN_BOOL_CONVERSION = YES;
				CLANG_WARN_COMMA = YES;
				CLANG_WARN_CONSTANT_CONVERSION = YES;
				CLANG_WARN_DEPRECATED_OBJC_IMPLEMENTATIONS = YES;
				CLANG_WARN_DIRECT_OBJC_ISA_USAGE = YES_ERROR;
				CLANG_WARN_DOCUMENTATION_COMMENTS = YES;
				CLANG_WARN_EMPTY_BODY = YES;
				CLANG_WARN_ENUM_CONVERSION = YES;
				CLANG_WARN_INFINITE_RECURSION = YES;
				CLANG_WARN_INT_CONVERSION = YES;
				CLANG_WARN_NON_LITERAL_NULL_CONVERSION = YES;
				CLANG_WARN_OBJC_IMPLICIT_RETAIN_SELF = YES;
				CLANG_WARN_OBJC_LITERAL_CONVERSION = YES;
				CLANG_WARN_OBJC_ROOT_CLASS = YES_ERROR;
				CLANG_WARN_QUOTED_INCLUDE_IN_FRAMEWORK_HEADER = YES;
				CLANG_WARN_RANGE_LOOP_ANALYSIS = YES;
				CLANG_WARN_STRICT_PROTOTYPES = YES;
				CLANG_WARN_SUSPICIOUS_MOVE = YES;
				CLANG_WARN_UNGUARDED_AVAILABILITY = YES_AGGRESSIVE;
				CLANG_WARN_UNREACHABLE_CODE = YES;
				CLANG_WARN__DUPLICATE_METHOD_MATCH = YES;
				COPY_PHASE_STRIP = NO;
				DEBUG_INFORMATION_FORMAT = "dwarf-with-dsym";
				ENABLE_NS_ASSERTIONS = NO;
				ENABLE_STRICT_OBJC_MSGSEND = YES;
				ENABLE_USER_SCRIPT_SANDBOXING = YES;
				GCC_C_LANGUAGE_STANDARD = gnu17;
				GCC_NO_COMMON_BLOCKS = YES;
				GCC_WARN_64_TO_32_BIT_CONVERSION = YES;
				GCC_WARN_ABOUT_RETURN_TYPE = YES_ERROR;
				GCC_WARN_UNDECLARED_SELECTOR = YES;
				GCC_WARN_UNINITIALIZED_AUTOS = YES_AGGRESSIVE;
				GCC_WARN_UNUSED_FUNCTION = YES;
				GCC_WARN_UNUSED_VARIABLE = YES;
				IPHONEOS_DEPLOYMENT_TARGET = 17.2;
				LOCALIZATION_PREFERS_STRING_CATALOGS = YES;
				MTL_ENABLE_DEBUG_INFO = NO;
				MTL_FAST_MATH = YES;
				SDKROOT = iphoneos;
				SWIFT_COMPILATION_MODE = wholemodule;
				VALIDATE_PRODUCT = YES;
			};
			name = Release;
		};
		FEA6EC302B982CE700D35EA0 /* Debug */ = {
			isa = XCBuildConfiguration;
			buildSettings = {
				ASSETCATALOG_COMPILER_APPICON_NAME = AppIcon;
				ASSETCATALOG_COMPILER_GLOBAL_ACCENT_COLOR_NAME = AccentColor;
				CODE_SIGN_STYLE = Automatic;
				CURRENT_PROJECT_VERSION = 1;
				DEVELOPMENT_TEAM = P9BCU98YP6;
				GENERATE_INFOPLIST_FILE = YES;
				INFOPLIST_FILE = PracticeTableView/Info.plist;
				INFOPLIST_KEY_UIApplicationSupportsIndirectInputEvents = YES;
				INFOPLIST_KEY_UILaunchStoryboardName = LaunchScreen;
				INFOPLIST_KEY_UIMainStoryboardFile = Main;
				INFOPLIST_KEY_UISupportedInterfaceOrientations_iPad = "UIInterfaceOrientationPortrait UIInterfaceOrientationPortraitUpsideDown UIInterfaceOrientationLandscapeLeft UIInterfaceOrientationLandscapeRight";
				INFOPLIST_KEY_UISupportedInterfaceOrientations_iPhone = "UIInterfaceOrientationPortrait UIInterfaceOrientationLandscapeLeft UIInterfaceOrientationLandscapeRight";
				LD_RUNPATH_SEARCH_PATHS = (
					"$(inherited)",
					"@executable_path/Frameworks",
				);
				MARKETING_VERSION = 1.0;
				PRODUCT_BUNDLE_IDENTIFIER = com.hamasaki.PracticeTableView;
				PRODUCT_NAME = "$(TARGET_NAME)";
				SWIFT_EMIT_LOC_STRINGS = YES;
				SWIFT_VERSION = 5.0;
				TARGETED_DEVICE_FAMILY = "1,2";
			};
			name = Debug;
		};
		FEA6EC312B982CE700D35EA0 /* Release */ = {
			isa = XCBuildConfiguration;
			buildSettings = {
				ASSETCATALOG_COMPILER_APPICON_NAME = AppIcon;
				ASSETCATALOG_COMPILER_GLOBAL_ACCENT_COLOR_NAME = AccentColor;
				CODE_SIGN_STYLE = Automatic;
				CURRENT_PROJECT_VERSION = 1;
				DEVELOPMENT_TEAM = P9BCU98YP6;
				GENERATE_INFOPLIST_FILE = YES;
				INFOPLIST_FILE = PracticeTableView/Info.plist;
				INFOPLIST_KEY_UIApplicationSupportsIndirectInputEvents = YES;
				INFOPLIST_KEY_UILaunchStoryboardName = LaunchScreen;
				INFOPLIST_KEY_UIMainStoryboardFile = Main;
				INFOPLIST_KEY_UISupportedInterfaceOrientations_iPad = "UIInterfaceOrientationPortrait UIInterfaceOrientationPortraitUpsideDown UIInterfaceOrientationLandscapeLeft UIInterfaceOrientationLandscapeRight";
				INFOPLIST_KEY_UISupportedInterfaceOrientations_iPhone = "UIInterfaceOrientationPortrait UIInterfaceOrientationLandscapeLeft UIInterfaceOrientationLandscapeRight";
				LD_RUNPATH_SEARCH_PATHS = (
					"$(inherited)",
					"@executable_path/Frameworks",
				);
				MARKETING_VERSION = 1.0;
				PRODUCT_BUNDLE_IDENTIFIER = com.hamasaki.PracticeTableView;
				PRODUCT_NAME = "$(TARGET_NAME)";
				SWIFT_EMIT_LOC_STRINGS = YES;
				SWIFT_VERSION = 5.0;
				TARGETED_DEVICE_FAMILY = "1,2";
			};
			name = Release;
		};
		FEA6EC332B982CE700D35EA0 /* Debug */ = {
			isa = XCBuildConfiguration;
			buildSettings = {
				ALWAYS_EMBED_SWIFT_STANDARD_LIBRARIES = YES;
				BUNDLE_LOADER = "$(TEST_HOST)";
				CODE_SIGN_STYLE = Automatic;
				CURRENT_PROJECT_VERSION = 1;
				DEVELOPMENT_TEAM = P9BCU98YP6;
				GENERATE_INFOPLIST_FILE = YES;
				IPHONEOS_DEPLOYMENT_TARGET = 17.2;
				MARKETING_VERSION = 1.0;
				PRODUCT_BUNDLE_IDENTIFIER = com.hamasaki.PracticeTableViewTests;
				PRODUCT_NAME = "$(TARGET_NAME)";
				SWIFT_EMIT_LOC_STRINGS = NO;
				SWIFT_VERSION = 5.0;
				TARGETED_DEVICE_FAMILY = "1,2";
				TEST_HOST = "$(BUILT_PRODUCTS_DIR)/PracticeTableView.app/$(BUNDLE_EXECUTABLE_FOLDER_PATH)/PracticeTableView";
			};
			name = Debug;
		};
		FEA6EC342B982CE700D35EA0 /* Release */ = {
			isa = XCBuildConfiguration;
			buildSettings = {
				ALWAYS_EMBED_SWIFT_STANDARD_LIBRARIES = YES;
				BUNDLE_LOADER = "$(TEST_HOST)";
				CODE_SIGN_STYLE = Automatic;
				CURRENT_PROJECT_VERSION = 1;
				DEVELOPMENT_TEAM = P9BCU98YP6;
				GENERATE_INFOPLIST_FILE = YES;
				IPHONEOS_DEPLOYMENT_TARGET = 17.2;
				MARKETING_VERSION = 1.0;
				PRODUCT_BUNDLE_IDENTIFIER = com.hamasaki.PracticeTableViewTests;
				PRODUCT_NAME = "$(TARGET_NAME)";
				SWIFT_EMIT_LOC_STRINGS = NO;
				SWIFT_VERSION = 5.0;
				TARGETED_DEVICE_FAMILY = "1,2";
				TEST_HOST = "$(BUILT_PRODUCTS_DIR)/PracticeTableView.app/$(BUNDLE_EXECUTABLE_FOLDER_PATH)/PracticeTableView";
			};
			name = Release;
		};
		FEA6EC362B982CE700D35EA0 /* Debug */ = {
			isa = XCBuildConfiguration;
			buildSettings = {
				ALWAYS_EMBED_SWIFT_STANDARD_LIBRARIES = YES;
				CODE_SIGN_STYLE = Automatic;
				CURRENT_PROJECT_VERSION = 1;
				DEVELOPMENT_TEAM = P9BCU98YP6;
				GENERATE_INFOPLIST_FILE = YES;
				MARKETING_VERSION = 1.0;
				PRODUCT_BUNDLE_IDENTIFIER = com.hamasaki.PracticeTableViewUITests;
				PRODUCT_NAME = "$(TARGET_NAME)";
				SWIFT_EMIT_LOC_STRINGS = NO;
				SWIFT_VERSION = 5.0;
				TARGETED_DEVICE_FAMILY = "1,2";
				TEST_TARGET_NAME = PracticeTableView;
			};
			name = Debug;
		};
		FEA6EC372B982CE700D35EA0 /* Release */ = {
			isa = XCBuildConfiguration;
			buildSettings = {
				ALWAYS_EMBED_SWIFT_STANDARD_LIBRARIES = YES;
				CODE_SIGN_STYLE = Automatic;
				CURRENT_PROJECT_VERSION = 1;
				DEVELOPMENT_TEAM = P9BCU98YP6;
				GENERATE_INFOPLIST_FILE = YES;
				MARKETING_VERSION = 1.0;
				PRODUCT_BUNDLE_IDENTIFIER = com.hamasaki.PracticeTableViewUITests;
				PRODUCT_NAME = "$(TARGET_NAME)";
				SWIFT_EMIT_LOC_STRINGS = NO;
				SWIFT_VERSION = 5.0;
				TARGETED_DEVICE_FAMILY = "1,2";
				TEST_TARGET_NAME = PracticeTableView;
			};
			name = Release;
		};
/* End XCBuildConfiguration section */

/* Begin XCConfigurationList section */
		FEA6EC002B982CE500D35EA0 /* Build configuration list for PBXProject "PracticeTableView" */ = {
			isa = XCConfigurationList;
			buildConfigurations = (
				FEA6EC2D2B982CE700D35EA0 /* Debug */,
				FEA6EC2E2B982CE700D35EA0 /* Release */,
			);
			defaultConfigurationIsVisible = 0;
			defaultConfigurationName = Release;
		};
		FEA6EC2F2B982CE700D35EA0 /* Build configuration list for PBXNativeTarget "PracticeTableView" */ = {
			isa = XCConfigurationList;
			buildConfigurations = (
				FEA6EC302B982CE700D35EA0 /* Debug */,
				FEA6EC312B982CE700D35EA0 /* Release */,
			);
			defaultConfigurationIsVisible = 0;
			defaultConfigurationName = Release;
		};
		FEA6EC322B982CE700D35EA0 /* Build configuration list for PBXNativeTarget "PracticeTableViewTests" */ = {
			isa = XCConfigurationList;
			buildConfigurations = (
				FEA6EC332B982CE700D35EA0 /* Debug */,
				FEA6EC342B982CE700D35EA0 /* Release */,
			);
			defaultConfigurationIsVisible = 0;
			defaultConfigurationName = Release;
		};
		FEA6EC352B982CE700D35EA0 /* Build configuration list for PBXNativeTarget "PracticeTableViewUITests" */ = {
			isa = XCConfigurationList;
			buildConfigurations = (
				FEA6EC362B982CE700D35EA0 /* Debug */,
				FEA6EC372B982CE700D35EA0 /* Release */,
			);
			defaultConfigurationIsVisible = 0;
			defaultConfigurationName = Release;
		};
/* End XCConfigurationList section */
	};
	rootObject = FEA6EBFD2B982CE500D35EA0 /* Project object */;
}
